// !$*UTF8*$!
{
	archiveVersion = 1;
	classes = {
	};
	objectVersion = 63;
	objects = {

/* Begin PBXBuildFile section */
		013F7C87A0F797938C9E9845 /* Resources in Resources */ = {isa = PBXBuildFile; fileRef = 076F739DF4FD4B5DCAFCCE0C /* Resources */; };
		070C5C8DEDE7568C72B361A8 /* Config.swift in Sources */ = {isa = PBXBuildFile; fileRef = 327E39F1CCAF67BBF993CA6D /* Config.swift */; };
		0BAD78BD12437DBC57F5EB54 /* LyxenTradingApp.swift in Sources */ = {isa = PBXBuildFile; fileRef = B1C8CD9F20F814AF04175A69 /* LyxenTradingApp.swift */; };
		1868E3B78E4AFEFF06B9C4CE /* StrategiesView.swift in Sources */ = {isa = PBXBuildFile; fileRef = BCD8679C00C3A2EF8DE18930 /* StrategiesView.swift */; };
		301C84B5F6A05A6733F6A375 /* MainTabView.swift in Sources */ = {isa = PBXBuildFile; fileRef = 31B78B100FD8A4C58F08C348 /* MainTabView.swift */; };
		30202622BD2CF4D635B3317F /* TradingService.swift in Sources */ = {isa = PBXBuildFile; fileRef = 5855214DDF46EB391CC068F0 /* TradingService.swift */; };
		3227E6831033317BC5C99258 /* SettingsView.swift in Sources */ = {isa = PBXBuildFile; fileRef = B83C04E51AE9EB2DFCF6BAAD /* SettingsView.swift */; };
		435EBCF0701319CC0A6DA48A /* AppState.swift in Sources */ = {isa = PBXBuildFile; fileRef = 71B398799414EEBE1CCDE5B8 /* AppState.swift */; };
		45051B447DCDC1A31E19351E /* AuthManager.swift in Sources */ = {isa = PBXBuildFile; fileRef = 61B92ACECEFE890A88724747 /* AuthManager.swift */; };
		54811867066BFEA38A3C6DF5 /* LoginView.swift in Sources */ = {isa = PBXBuildFile; fileRef = B3B363F5BC3EF294DB0445C0 /* LoginView.swift */; };
		56F368AF5EE9D3A627E6F952 /* TradingView.swift in Sources */ = {isa = PBXBuildFile; fileRef = 5C120698038C67A29D76AC52 /* TradingView.swift */; };
		5E4ECDB4E5F91744D6A1B47B /* AuthModels.swift in Sources */ = {isa = PBXBuildFile; fileRef = D5CB923940D42A50938C8627 /* AuthModels.swift */; };
		6357829EE9069F038D717F69 /* PortfolioView.swift in Sources */ = {isa = PBXBuildFile; fileRef = 992ED8681C4AD8023E32556E /* PortfolioView.swift */; };
		72F7825A2C3BEC47FD59F958 /* MarketView.swift in Sources */ = {isa = PBXBuildFile; fileRef = 565EBB38A165CCC89D7FB1E0 /* MarketView.swift */; };
		795563E62EB66544EB53AA27 /* SubSettingsViews.swift in Sources */ = {isa = PBXBuildFile; fileRef = F0FE99E9FA2E1B13042D2CC0 /* SubSettingsViews.swift */; };
		8AB027532062E9FDBCE438A2 /* WebSocketService.swift in Sources */ = {isa = PBXBuildFile; fileRef = FEEEAE206F5C7E7D4AFE2669 /* WebSocketService.swift */; };
		92AE907F54413743CDCAB99E /* SymbolPickerView.swift in Sources */ = {isa = PBXBuildFile; fileRef = 716B0B1335E6277E7DE204A3 /* SymbolPickerView.swift */; };
		B4C2CFEB5D911ED173054B8A /* Models.swift in Sources */ = {isa = PBXBuildFile; fileRef = 4D49DA97FEA492283FD5783E /* Models.swift */; };
		BE2B10FC6E65F3BCAFDB972B /* Utilities.swift in Sources */ = {isa = PBXBuildFile; fileRef = F52CB64F96029AFA17561EFB /* Utilities.swift */; };
		C1484DED4871B20F961B2F35 /* StrategyService.swift in Sources */ = {isa = PBXBuildFile; fileRef = 69E3AABEF520CF2A2B54ABBB /* StrategyService.swift */; };
		C4110B64856780E593FB3810 /* PositionsView.swift in Sources */ = {isa = PBXBuildFile; fileRef = FECA23ACF98E81F4CD20CB0F /* PositionsView.swift */; };
		CA49BEB50FF6772622DC7320 /* ViewModels.swift in Sources */ = {isa = PBXBuildFile; fileRef = F426EDB100980B99FD3870F9 /* ViewModels.swift */; };
		D915999C1B66FBEF4E891A47 /* NetworkService.swift in Sources */ = {isa = PBXBuildFile; fileRef = 1C3B73F7D3DE3F20BA87F561 /* NetworkService.swift */; };
		DA62355B2065DD499C062413 /* LoadingView.swift in Sources */ = {isa = PBXBuildFile; fileRef = 97030E3A87F7851AD70A2A89 /* LoadingView.swift */; };
		E4BBDBD3CFDA17FB52F75718 /* BacktestView.swift in Sources */ = {isa = PBXBuildFile; fileRef = BBF73517E0EDEB4F638B0F67 /* BacktestView.swift */; };
		EE69E1E62E88EC29A4528433 /* Color+Extensions.swift in Sources */ = {isa = PBXBuildFile; fileRef = 4C3EE35CCB347E24C7B059CA /* Color+Extensions.swift */; };
		F3E99DD15B04C77D291D410B /* TradeHistoryView.swift in Sources */ = {isa = PBXBuildFile; fileRef = AD9ECF3C4582C7BC266B0AE0 /* TradeHistoryView.swift */; };
/* End PBXBuildFile section */

/* Begin PBXFileReference section */
		076F739DF4FD4B5DCAFCCE0C /* Resources */ = {isa = PBXFileReference; lastKnownFileType = folder; path = Resources; sourceTree = SOURCE_ROOT; };
		1C3B73F7D3DE3F20BA87F561 /* NetworkService.swift */ = {isa = PBXFileReference; lastKnownFileType = sourcecode.swift; path = NetworkService.swift; sourceTree = "<group>"; };
		31B78B100FD8A4C58F08C348 /* MainTabView.swift */ = {isa = PBXFileReference; lastKnownFileType = sourcecode.swift; path = MainTabView.swift; sourceTree = "<group>"; };
		327E39F1CCAF67BBF993CA6D /* Config.swift */ = {isa = PBXFileReference; lastKnownFileType = sourcecode.swift; path = Config.swift; sourceTree = "<group>"; };
		4C3EE35CCB347E24C7B059CA /* Color+Extensions.swift */ = {isa = PBXFileReference; lastKnownFileType = sourcecode.swift; path = "Color+Extensions.swift"; sourceTree = "<group>"; };
		4D49DA97FEA492283FD5783E /* Models.swift */ = {isa = PBXFileReference; lastKnownFileType = sourcecode.swift; path = Models.swift; sourceTree = "<group>"; };
		565EBB38A165CCC89D7FB1E0 /* MarketView.swift */ = {isa = PBXFileReference; lastKnownFileType = sourcecode.swift; path = MarketView.swift; sourceTree = "<group>"; };
		5855214DDF46EB391CC068F0 /* TradingService.swift */ = {isa = PBXFileReference; lastKnownFileType = sourcecode.swift; path = TradingService.swift; sourceTree = "<group>"; };
		5C120698038C67A29D76AC52 /* TradingView.swift */ = {isa = PBXFileReference; lastKnownFileType = sourcecode.swift; path = TradingView.swift; sourceTree = "<group>"; };
		61B92ACECEFE890A88724747 /* AuthManager.swift */ = {isa = PBXFileReference; lastKnownFileType = sourcecode.swift; path = AuthManager.swift; sourceTree = "<group>"; };
		69E3AABEF520CF2A2B54ABBB /* StrategyService.swift */ = {isa = PBXFileReference; lastKnownFileType = sourcecode.swift; path = StrategyService.swift; sourceTree = "<group>"; };
		716B0B1335E6277E7DE204A3 /* SymbolPickerView.swift */ = {isa = PBXFileReference; lastKnownFileType = sourcecode.swift; path = SymbolPickerView.swift; sourceTree = "<group>"; };
		71B398799414EEBE1CCDE5B8 /* AppState.swift */ = {isa = PBXFileReference; lastKnownFileType = sourcecode.swift; path = AppState.swift; sourceTree = "<group>"; };
		8E55F98CFD51EBEA0BBC73C4 /* LyxenTrading.app */ = {isa = PBXFileReference; explicitFileType = wrapper.application; includeInIndex = 0; path = LyxenTrading.app; sourceTree = BUILT_PRODUCTS_DIR; };
		97030E3A87F7851AD70A2A89 /* LoadingView.swift */ = {isa = PBXFileReference; lastKnownFileType = sourcecode.swift; path = LoadingView.swift; sourceTree = "<group>"; };
		992ED8681C4AD8023E32556E /* PortfolioView.swift */ = {isa = PBXFileReference; lastKnownFileType = sourcecode.swift; path = PortfolioView.swift; sourceTree = "<group>"; };
		AD9ECF3C4582C7BC266B0AE0 /* TradeHistoryView.swift */ = {isa = PBXFileReference; lastKnownFileType = sourcecode.swift; path = TradeHistoryView.swift; sourceTree = "<group>"; };
		B1C8CD9F20F814AF04175A69 /* LyxenTradingApp.swift */ = {isa = PBXFileReference; lastKnownFileType = sourcecode.swift; path = LyxenTradingApp.swift; sourceTree = "<group>"; };
		B3B363F5BC3EF294DB0445C0 /* LoginView.swift */ = {isa = PBXFileReference; lastKnownFileType = sourcecode.swift; path = LoginView.swift; sourceTree = "<group>"; };
		B83C04E51AE9EB2DFCF6BAAD /* SettingsView.swift */ = {isa = PBXFileReference; lastKnownFileType = sourcecode.swift; path = SettingsView.swift; sourceTree = "<group>"; };
		BBF73517E0EDEB4F638B0F67 /* BacktestView.swift */ = {isa = PBXFileReference; lastKnownFileType = sourcecode.swift; path = BacktestView.swift; sourceTree = "<group>"; };
		BCD8679C00C3A2EF8DE18930 /* StrategiesView.swift */ = {isa = PBXFileReference; lastKnownFileType = sourcecode.swift; path = StrategiesView.swift; sourceTree = "<group>"; };
		D5CB923940D42A50938C8627 /* AuthModels.swift */ = {isa = PBXFileReference; lastKnownFileType = sourcecode.swift; path = AuthModels.swift; sourceTree = "<group>"; };
		F0FE99E9FA2E1B13042D2CC0 /* SubSettingsViews.swift */ = {isa = PBXFileReference; lastKnownFileType = sourcecode.swift; path = SubSettingsViews.swift; sourceTree = "<group>"; };
		F426EDB100980B99FD3870F9 /* ViewModels.swift */ = {isa = PBXFileReference; lastKnownFileType = sourcecode.swift; path = ViewModels.swift; sourceTree = "<group>"; };
		F52CB64F96029AFA17561EFB /* Utilities.swift */ = {isa = PBXFileReference; lastKnownFileType = sourcecode.swift; path = Utilities.swift; sourceTree = "<group>"; };
		FECA23ACF98E81F4CD20CB0F /* PositionsView.swift */ = {isa = PBXFileReference; lastKnownFileType = sourcecode.swift; path = PositionsView.swift; sourceTree = "<group>"; };
		FEEEAE206F5C7E7D4AFE2669 /* WebSocketService.swift */ = {isa = PBXFileReference; lastKnownFileType = sourcecode.swift; path = WebSocketService.swift; sourceTree = "<group>"; };
/* End PBXFileReference section */

/* Begin PBXGroup section */
		03E31DD7262A7073A4B9513A /* Trading */ = {
			isa = PBXGroup;
			children = (
				565EBB38A165CCC89D7FB1E0 /* MarketView.swift */,
				716B0B1335E6277E7DE204A3 /* SymbolPickerView.swift */,
				5C120698038C67A29D76AC52 /* TradingView.swift */,
			);
			path = Trading;
			sourceTree = "<group>";
		};
		1B2533E90F63FFB6B3EF6F57 = {
			isa = PBXGroup;
			children = (
				076F739DF4FD4B5DCAFCCE0C /* Resources */,
				75770F6E682FB8342CD744E7 /* App */,
				20FB5AAC67BCC40ADB4C1BF4 /* Extensions */,
				D98A6A56EEE4892078FD569B /* Models */,
				58B437ED91310BB1E5046A9B /* Services */,
				46824F2AAD38D2F56404A9EC /* Utils */,
				E12A8384A07ECE631CF8FF8F /* ViewModels */,
				E4F48E54A8B81CBEBAFC7E37 /* Views */,
				96756FED4E571335C1333EBF /* Products */,
			);
			sourceTree = "<group>";
		};
		20FB5AAC67BCC40ADB4C1BF4 /* Extensions */ = {
			isa = PBXGroup;
			children = (
				4C3EE35CCB347E24C7B059CA /* Color+Extensions.swift */,
			);
			path = Extensions;
			sourceTree = "<group>";
		};
		46824F2AAD38D2F56404A9EC /* Utils */ = {
			isa = PBXGroup;
			children = (
				F52CB64F96029AFA17561EFB /* Utilities.swift */,
			);
			path = Utils;
			sourceTree = "<group>";
		};
		58B437ED91310BB1E5046A9B /* Services */ = {
			isa = PBXGroup;
			children = (
				61B92ACECEFE890A88724747 /* AuthManager.swift */,
				1C3B73F7D3DE3F20BA87F561 /* NetworkService.swift */,
				69E3AABEF520CF2A2B54ABBB /* StrategyService.swift */,
				5855214DDF46EB391CC068F0 /* TradingService.swift */,
				FEEEAE206F5C7E7D4AFE2669 /* WebSocketService.swift */,
			);
			path = Services;
			sourceTree = "<group>";
		};
		75770F6E682FB8342CD744E7 /* App */ = {
			isa = PBXGroup;
			children = (
				71B398799414EEBE1CCDE5B8 /* AppState.swift */,
				327E39F1CCAF67BBF993CA6D /* Config.swift */,
				B1C8CD9F20F814AF04175A69 /* LyxenTradingApp.swift */,
			);
			path = App;
			sourceTree = "<group>";
		};
		7A43879B962AD3C844BAC17F /* Settings */ = {
			isa = PBXGroup;
			children = (
				B83C04E51AE9EB2DFCF6BAAD /* SettingsView.swift */,
				F0FE99E9FA2E1B13042D2CC0 /* SubSettingsViews.swift */,
			);
			path = Settings;
			sourceTree = "<group>";
		};
		8D291AAFBDA30E11AAE07247 /* Strategies */ = {
			isa = PBXGroup;
			children = (
				BBF73517E0EDEB4F638B0F67 /* BacktestView.swift */,
				BCD8679C00C3A2EF8DE18930 /* StrategiesView.swift */,
			);
			path = Strategies;
			sourceTree = "<group>";
		};
		95E4797F377307AE65D17BAD /* Components */ = {
			isa = PBXGroup;
			children = (
				97030E3A87F7851AD70A2A89 /* LoadingView.swift */,
			);
			path = Components;
			sourceTree = "<group>";
		};
		96756FED4E571335C1333EBF /* Products */ = {
			isa = PBXGroup;
			children = (
				8E55F98CFD51EBEA0BBC73C4 /* LyxenTrading.app */,
			);
			name = Products;
			sourceTree = "<group>";
		};
		A2D7FE80B082DB11590D4E3E /* Auth */ = {
			isa = PBXGroup;
			children = (
				B3B363F5BC3EF294DB0445C0 /* LoginView.swift */,
			);
			path = Auth;
			sourceTree = "<group>";
		};
		BB3498420E471A47C161673B /* Portfolio */ = {
			isa = PBXGroup;
			children = (
				992ED8681C4AD8023E32556E /* PortfolioView.swift */,
				FECA23ACF98E81F4CD20CB0F /* PositionsView.swift */,
				AD9ECF3C4582C7BC266B0AE0 /* TradeHistoryView.swift */,
			);
			path = Portfolio;
			sourceTree = "<group>";
		};
		D98A6A56EEE4892078FD569B /* Models */ = {
			isa = PBXGroup;
			children = (
				D5CB923940D42A50938C8627 /* AuthModels.swift */,
				4D49DA97FEA492283FD5783E /* Models.swift */,
			);
			path = Models;
			sourceTree = "<group>";
		};
		E12A8384A07ECE631CF8FF8F /* ViewModels */ = {
			isa = PBXGroup;
			children = (
				F426EDB100980B99FD3870F9 /* ViewModels.swift */,
			);
			path = ViewModels;
			sourceTree = "<group>";
		};
		E4F48E54A8B81CBEBAFC7E37 /* Views */ = {
			isa = PBXGroup;
			children = (
				31B78B100FD8A4C58F08C348 /* MainTabView.swift */,
				A2D7FE80B082DB11590D4E3E /* Auth */,
				95E4797F377307AE65D17BAD /* Components */,
				BB3498420E471A47C161673B /* Portfolio */,
				7A43879B962AD3C844BAC17F /* Settings */,
				8D291AAFBDA30E11AAE07247 /* Strategies */,
				03E31DD7262A7073A4B9513A /* Trading */,
			);
			path = Views;
			sourceTree = "<group>";
		};
/* End PBXGroup section */

/* Begin PBXNativeTarget section */
		0E62F60ABE33EACA96737F31 /* LyxenTrading */ = {
			isa = PBXNativeTarget;
			buildConfigurationList = 1C567C3193CB3C27995B48E0 /* Build configuration list for PBXNativeTarget "LyxenTrading" */;
			buildPhases = (
				20154BA986A11B2CDA2C0C69 /* Sources */,
				1F307FA14918AC0BC7C151D7 /* Resources */,
			);
			buildRules = (
			);
			dependencies = (
			);
			name = LyxenTrading;
			packageProductDependencies = (
			);
			productName = LyxenTrading;
			productReference = 8E55F98CFD51EBEA0BBC73C4 /* LyxenTrading.app */;
			productType = "com.apple.product-type.application";
		};
/* End PBXNativeTarget section */

/* Begin PBXProject section */
		3C1CC44AE37B237C9804F78B /* Project object */ = {
			isa = PBXProject;
			attributes = {
				BuildIndependentTargetsInParallel = YES;
				LastUpgradeCheck = 2620;
			};
			buildConfigurationList = 7690C5138556F5B88AE6DCAE /* Build configuration list for PBXProject "LyxenTrading" */;
			compatibilityVersion = "Xcode 14.0";
			developmentRegion = en;
			hasScannedForEncodings = 0;
			knownRegions = (
				Base,
				en,
			);
			mainGroup = 1B2533E90F63FFB6B3EF6F57;
			minimizedProjectReferenceProxies = 1;
			projectDirPath = "";
			projectRoot = "";
			targets = (
				0E62F60ABE33EACA96737F31 /* LyxenTrading */,
			);
		};
/* End PBXProject section */

/* Begin PBXResourcesBuildPhase section */
		1F307FA14918AC0BC7C151D7 /* Resources */ = {
			isa = PBXResourcesBuildPhase;
			buildActionMask = 2147483647;
			files = (
				013F7C87A0F797938C9E9845 /* Resources in Resources */,
			);
			runOnlyForDeploymentPostprocessing = 0;
		};
/* End PBXResourcesBuildPhase section */

/* Begin PBXSourcesBuildPhase section */
		20154BA986A11B2CDA2C0C69 /* Sources */ = {
			isa = PBXSourcesBuildPhase;
			buildActionMask = 2147483647;
			files = (
				435EBCF0701319CC0A6DA48A /* AppState.swift in Sources */,
				45051B447DCDC1A31E19351E /* AuthManager.swift in Sources */,
				5E4ECDB4E5F91744D6A1B47B /* AuthModels.swift in Sources */,
				E4BBDBD3CFDA17FB52F75718 /* BacktestView.swift in Sources */,
				EE69E1E62E88EC29A4528433 /* Color+Extensions.swift in Sources */,
				070C5C8DEDE7568C72B361A8 /* Config.swift in Sources */,
				DA62355B2065DD499C062413 /* LoadingView.swift in Sources */,
				54811867066BFEA38A3C6DF5 /* LoginView.swift in Sources */,
				0BAD78BD12437DBC57F5EB54 /* LyxenTradingApp.swift in Sources */,
				301C84B5F6A05A6733F6A375 /* MainTabView.swift in Sources */,
				72F7825A2C3BEC47FD59F958 /* MarketView.swift in Sources */,
				B4C2CFEB5D911ED173054B8A /* Models.swift in Sources */,
				D915999C1B66FBEF4E891A47 /* NetworkService.swift in Sources */,
				6357829EE9069F038D717F69 /* PortfolioView.swift in Sources */,
				C4110B64856780E593FB3810 /* PositionsView.swift in Sources */,
				3227E6831033317BC5C99258 /* SettingsView.swift in Sources */,
				1868E3B78E4AFEFF06B9C4CE /* StrategiesView.swift in Sources */,
				C1484DED4871B20F961B2F35 /* StrategyService.swift in Sources */,
				795563E62EB66544EB53AA27 /* SubSettingsViews.swift in Sources */,
				92AE907F54413743CDCAB99E /* SymbolPickerView.swift in Sources */,
				F3E99DD15B04C77D291D410B /* TradeHistoryView.swift in Sources */,
				30202622BD2CF4D635B3317F /* TradingService.swift in Sources */,
				56F368AF5EE9D3A627E6F952 /* TradingView.swift in Sources */,
				BE2B10FC6E65F3BCAFDB972B /* Utilities.swift in Sources */,
				CA49BEB50FF6772622DC7320 /* ViewModels.swift in Sources */,
				8AB027532062E9FDBCE438A2 /* WebSocketService.swift in Sources */,
			);
			runOnlyForDeploymentPostprocessing = 0;
		};
/* End PBXSourcesBuildPhase section */

/* Begin XCBuildConfiguration section */
		003628E9BD7E018298DA42C6 /* Debug */ = {
			isa = XCBuildConfiguration;
			buildSettings = {
				ASSETCATALOG_COMPILER_APPICON_NAME = AppIcon;
				ASSETCATALOG_COMPILER_GLOBAL_ACCENT_COLOR_NAME = AccentColor;
				CODE_SIGN_IDENTITY = "Apple Development";
				CODE_SIGN_STYLE = Automatic;
				CURRENT_PROJECT_VERSION = 1;
				ENABLE_PREVIEWS = YES;
				GENERATE_INFOPLIST_FILE = NO;
				INFOPLIST_FILE = Info.plist;
				INFOPLIST_KEY_CFBundleDisplayName = Lyxen;
				INFOPLIST_KEY_LSApplicationCategoryType = "public.app-category.developer-tools";
				INFOPLIST_KEY_UIApplicationSceneManifest_Generation = YES;
				INFOPLIST_KEY_UIApplicationSupportsIndirectInputEvents = YES;
				INFOPLIST_KEY_UILaunchScreen_Generation = YES;
				INFOPLIST_KEY_UISupportedInterfaceOrientations = "UIInterfaceOrientationPortrait UIInterfaceOrientationLandscapeLeft UIInterfaceOrientationLandscapeRight";
				INFOPLIST_KEY_UISupportedInterfaceOrientations_iPad = "UIInterfaceOrientationPortrait UIInterfaceOrientationPortraitUpsideDown UIInterfaceOrientationLandscapeLeft UIInterfaceOrientationLandscapeRight";
				INFOPLIST_OUTPUT_FORMAT = xml;
				LD_RUNPATH_SEARCH_PATHS = (
					"$(inherited)",
					"@executable_path/Frameworks",
				);
				MARKETING_VERSION = 1.0.0;
				PRODUCT_BUNDLE_IDENTIFIER = io.lyxen.trading;
				PROVISIONING_PROFILE_SPECIFIER = "";
				SDKROOT = iphoneos;
				SWIFT_EMIT_LOC_STRINGS = YES;
				TARGETED_DEVICE_FAMILY = "1,2";
			};
			name = Debug;
		};
		1524380BF2F9DB63648C8E83 /* Release */ = {
			isa = XCBuildConfiguration;
			buildSettings = {
				ASSETCATALOG_COMPILER_APPICON_NAME = AppIcon;
				ASSETCATALOG_COMPILER_GLOBAL_ACCENT_COLOR_NAME = AccentColor;
				CODE_SIGN_IDENTITY = "Apple Development";
				CODE_SIGN_STYLE = Automatic;
				CURRENT_PROJECT_VERSION = 1;
				ENABLE_PREVIEWS = YES;
				GENERATE_INFOPLIST_FILE = NO;
				INFOPLIST_FILE = Info.plist;
				INFOPLIST_KEY_CFBundleDisplayName = Lyxen;
				INFOPLIST_KEY_LSApplicationCategoryType = "public.app-category.developer-tools";
				INFOPLIST_KEY_UIApplicationSceneManifest_Generation = YES;
				INFOPLIST_KEY_UIApplicationSupportsIndirectInputEvents = YES;
				INFOPLIST_KEY_UILaunchScreen_Generation = YES;
				INFOPLIST_KEY_UISupportedInterfaceOrientations = "UIInterfaceOrientationPortrait UIInterfaceOrientationLandscapeLeft UIInterfaceOrientationLandscapeRight";
				INFOPLIST_KEY_UISupportedInterfaceOrientations_iPad = "UIInterfaceOrientationPortrait UIInterfaceOrientationPortraitUpsideDown UIInterfaceOrientationLandscapeLeft UIInterfaceOrientationLandscapeRight";
				INFOPLIST_OUTPUT_FORMAT = xml;
				LD_RUNPATH_SEARCH_PATHS = (
					"$(inherited)",
					"@executable_path/Frameworks",
				);
				MARKETING_VERSION = 1.0.0;
				PRODUCT_BUNDLE_IDENTIFIER = io.lyxen.trading;
				PROVISIONING_PROFILE_SPECIFIER = "";
				SDKROOT = iphoneos;
				SWIFT_EMIT_LOC_STRINGS = YES;
				TARGETED_DEVICE_FAMILY = "1,2";
			};
			name = Release;
		};
		7EEF5CB0C2BE4A99AB4C49A8 /* Debug */ = {
			isa = XCBuildConfiguration;
			buildSettings = {
				ALWAYS_SEARCH_USER_PATHS = NO;
				CLANG_ANALYZER_NONNULL = YES;
				CLANG_ANALYZER_NUMBER_OBJECT_CONVERSION = YES_AGGRESSIVE;
				CLANG_CXX_LANGUAGE_STANDARD = "gnu++14";
				CLANG_CXX_LIBRARY = "libc++";
				CLANG_ENABLE_MODULES = YES;
				CLANG_ENABLE_OBJC_ARC = YES;
				CLANG_ENABLE_OBJC_WEAK = YES;
				CLANG_WARN_BLOCK_CAPTURE_AUTORELEASING = YES;
				CLANG_WARN_BOOL_CONVERSION = YES;
				CLANG_WARN_COMMA = YES;
				CLANG_WARN_CONSTANT_CONVERSION = YES;
				CLANG_WARN_DEPRECATED_OBJC_IMPLEMENTATIONS = YES;
				CLANG_WARN_DIRECT_OBJC_ISA_USAGE = YES_ERROR;
				CLANG_WARN_DOCUMENTATION_COMMENTS = YES;
				CLANG_WARN_EMPTY_BODY = YES;
				CLANG_WARN_ENUM_CONVERSION = YES;
				CLANG_WARN_INFINITE_RECURSION = YES;
				CLANG_WARN_INT_CONVERSION = YES;
				CLANG_WARN_NON_LITERAL_NULL_CONVERSION = YES;
				CLANG_WARN_OBJC_IMPLICIT_RETAIN_SELF = YES;
				CLANG_WARN_OBJC_LITERAL_CONVERSION = YES;
				CLANG_WARN_OBJC_ROOT_CLASS = YES_ERROR;
				CLANG_WARN_QUOTED_INCLUDE_IN_FRAMEWORK_HEADER = YES;
				CLANG_WARN_RANGE_LOOP_ANALYSIS = YES;
				CLANG_WARN_STRICT_PROTOTYPES = YES;
				CLANG_WARN_SUSPICIOUS_MOVE = YES;
				CLANG_WARN_UNGUARDED_AVAILABILITY = YES_AGGRESSIVE;
				CLANG_WARN_UNREACHABLE_CODE = YES;
				CLANG_WARN__DUPLICATE_METHOD_MATCH = YES;
				COPY_PHASE_STRIP = NO;
				DEBUG_INFORMATION_FORMAT = dwarf;
				DEVELOPMENT_TEAM = NDGY75Y29A;
				ENABLE_BITCODE = NO;
				ENABLE_STRICT_OBJC_MSGSEND = YES;
				ENABLE_TESTABILITY = YES;
				ENABLE_USER_SCRIPT_SANDBOXING = YES;
				GCC_C_LANGUAGE_STANDARD = gnu11;
				GCC_DYNAMIC_NO_PIC = NO;
				GCC_NO_COMMON_BLOCKS = YES;
				GCC_OPTIMIZATION_LEVEL = 0;
				GCC_PREPROCESSOR_DEFINITIONS = (
					"$(inherited)",
					"DEBUG=1",
				);
				GCC_WARN_64_TO_32_BIT_CONVERSION = YES;
				GCC_WARN_ABOUT_RETURN_TYPE = YES_ERROR;
				GCC_WARN_UNDECLARED_SELECTOR = YES;
				GCC_WARN_UNINITIALIZED_AUTOS = YES_AGGRESSIVE;
				GCC_WARN_UNUSED_FUNCTION = YES;
				GCC_WARN_UNUSED_VARIABLE = YES;
				IPHONEOS_DEPLOYMENT_TARGET = 17.0;
				MTL_ENABLE_DEBUG_INFO = INCLUDE_SOURCE;
				MTL_FAST_MATH = YES;
				ONLY_ACTIVE_ARCH = YES;
				PRODUCT_NAME = "$(TARGET_NAME)";
				SDKROOT = iphoneos;
				STRING_CATALOG_GENERATE_SYMBOLS = YES;
				SWIFT_ACTIVE_COMPILATION_CONDITIONS = DEBUG;
				SWIFT_OPTIMIZATION_LEVEL = "-Onone";
				SWIFT_VERSION = 5.9;
				TARGETED_DEVICE_FAMILY = "1,2";
			};
			name = Debug;
		};
		EDF2610A6D5414446DBE2FDA /* Release */ = {
			isa = XCBuildConfiguration;
			buildSettings = {
				ALWAYS_SEARCH_USER_PATHS = NO;
				CLANG_ANALYZER_NONNULL = YES;
				CLANG_ANALYZER_NUMBER_OBJECT_CONVERSION = YES_AGGRESSIVE;
				CLANG_CXX_LANGUAGE_STANDARD = "gnu++14";
				CLANG_CXX_LIBRARY = "libc++";
				CLANG_ENABLE_MODULES = YES;
				CLANG_ENABLE_OBJC_ARC = YES;
				CLANG_ENABLE_OBJC_WEAK = YES;
				CLANG_WARN_BLOCK_CAPTURE_AUTORELEASING = YES;
				CLANG_WARN_BOOL_CONVERSION = YES;
				CLANG_WARN_COMMA = YES;
				CLANG_WARN_CONSTANT_CONVERSION = YES;
				CLANG_WARN_DEPRECATED_OBJC_IMPLEMENTATIONS = YES;
				CLANG_WARN_DIRECT_OBJC_ISA_USAGE = YES_ERROR;
				CLANG_WARN_DOCUMENTATION_COMMENTS = YES;
				CLANG_WARN_EMPTY_BODY = YES;
				CLANG_WARN_ENUM_CONVERSION = YES;
				CLANG_WARN_INFINITE_RECURSION = YES;
				CLANG_WARN_INT_CONVERSION = YES;
				CLANG_WARN_NON_LITERAL_NULL_CONVERSION = YES;
				CLANG_WARN_OBJC_IMPLICIT_RETAIN_SELF = YES;
				CLANG_WARN_OBJC_LITERAL_CONVERSION = YES;
				CLANG_WARN_OBJC_ROOT_CLASS = YES_ERROR;
				CLANG_WARN_QUOTED_INCLUDE_IN_FRAMEWORK_HEADER = YES;
				CLANG_WARN_RANGE_LOOP_ANALYSIS = YES;
				CLANG_WARN_STRICT_PROTOTYPES = YES;
				CLANG_WARN_SUSPICIOUS_MOVE = YES;
				CLANG_WARN_UNGUARDED_AVAILABILITY = YES_AGGRESSIVE;
				CLANG_WARN_UNREACHABLE_CODE = YES;
				CLANG_WARN__DUPLICATE_METHOD_MATCH = YES;
				COPY_PHASE_STRIP = NO;
				DEBUG_INFORMATION_FORMAT = "dwarf-with-dsym";
				DEVELOPMENT_TEAM = NDGY75Y29A;
				ENABLE_BITCODE = NO;
				ENABLE_NS_ASSERTIONS = NO;
				ENABLE_STRICT_OBJC_MSGSEND = YES;
				ENABLE_USER_SCRIPT_SANDBOXING = YES;
				GCC_C_LANGUAGE_STANDARD = gnu11;
				GCC_NO_COMMON_BLOCKS = YES;
				GCC_WARN_64_TO_32_BIT_CONVERSION = YES;
				GCC_WARN_ABOUT_RETURN_TYPE = YES_ERROR;
				GCC_WARN_UNDECLARED_SELECTOR = YES;
				GCC_WARN_UNINITIALIZED_AUTOS = YES_AGGRESSIVE;
				GCC_WARN_UNUSED_FUNCTION = YES;
				GCC_WARN_UNUSED_VARIABLE = YES;
				IPHONEOS_DEPLOYMENT_TARGET = 17.0;
				MTL_ENABLE_DEBUG_INFO = NO;
				MTL_FAST_MATH = YES;
				PRODUCT_NAME = "$(TARGET_NAME)";
				SDKROOT = iphoneos;
				STRING_CATALOG_GENERATE_SYMBOLS = YES;
				SWIFT_COMPILATION_MODE = wholemodule;
				SWIFT_OPTIMIZATION_LEVEL = "-O";
				SWIFT_VERSION = 5.9;
				TARGETED_DEVICE_FAMILY = "1,2";
			};
			name = Release;
		};
/* End XCBuildConfiguration section */

/* Begin XCConfigurationList section */
		1C567C3193CB3C27995B48E0 /* Build configuration list for PBXNativeTarget "LyxenTrading" */ = {
			isa = XCConfigurationList;
			buildConfigurations = (
				003628E9BD7E018298DA42C6 /* Debug */,
				1524380BF2F9DB63648C8E83 /* Release */,
			);
			defaultConfigurationIsVisible = 0;
			defaultConfigurationName = Release;
		};
		7690C5138556F5B88AE6DCAE /* Build configuration list for PBXProject "LyxenTrading" */ = {
			isa = XCConfigurationList;
			buildConfigurations = (
				7EEF5CB0C2BE4A99AB4C49A8 /* Debug */,
				EDF2610A6D5414446DBE2FDA /* Release */,
			);
			defaultConfigurationIsVisible = 0;
			defaultConfigurationName = Release;
		};
/* End XCConfigurationList section */
	};
	rootObject = 3C1CC44AE37B237C9804F78B /* Project object */;
}
